
Microsoft Visual Studio Solution File, Format Version 12.00
# Visual Studio 14
VisualStudioVersion = 14.0.24720.0
MinimumVisualStudioVersion = 10.0.40219.1
Project("{FAE04EC0-301F-11D3-BF4B-00C04F79EFBC}") = "AlexanderDevelopment.CrmDeploymentWizard", "AlexanderDevelopment.CrmDeploymentWizard\AlexanderDevelopment.CrmDeploymentWizard.csproj", "{D006D51D-F7D8-4609-8AC3-89409C2CEC64}"
EndProject
Project("{FAE04EC0-301F-11D3-BF4B-00C04F79EFBC}") = "AlexanderDevelopment.CrmDeploymentWizard.Lib", "AlexanderDevelopment.CrmDeploymentWizard.Lib\AlexanderDevelopment.CrmDeploymentWizard.Lib.csproj", "{0CB76D3F-285B-4A85-A51A-67345A4C5322}"
EndProject
Global
	GlobalSection(SolutionConfigurationPlatforms) = preSolution
		Debug|Any CPU = Debug|Any CPU
		Release|Any CPU = Release|Any CPU
	EndGlobalSection
	GlobalSection(ProjectConfigurationPlatforms) = postSolution
		{D006D51D-F7D8-4609-8AC3-89409C2CEC64}.Debug|Any CPU.ActiveCfg = Debug|Any CPU
		{D006D51D-F7D8-4609-8AC3-89409C2CEC64}.Debug|Any CPU.Build.0 = Debug|Any CPU
		{D006D51D-F7D8-4609-8AC3-89409C2CEC64}.Release|Any CPU.ActiveCfg = Release|Any CPU
		{D006D51D-F7D8-4609-8AC3-89409C2CEC64}.Release|Any CPU.Build.0 = Release|Any CPU
		{0CB76D3F-285B-4A85-A51A-67345A4C5322}.Debug|Any CPU.ActiveCfg = Debug|Any CPU
		{0CB76D3F-285B-4A85-A51A-67345A4C5322}.Debug|Any CPU.Build.0 = Debug|Any CPU
		{0CB76D3F-285B-4A85-A51A-67345A4C5322}.Release|Any CPU.ActiveCfg = Release|Any CPU
		{0CB76D3F-285B-4A85-A51A-67345A4C5322}.Release|Any CPU.Build.0 = Release|Any CPU
	EndGlobalSection
	GlobalSection(SolutionProperties) = preSolution
		HideSolutionNode = FALSE
	EndGlobalSection
EndGlobal
